
Microsoft Visual Studio Solution File, Format Version 12.00
# Visual Studio Version 17
VisualStudioVersion = 17.13.35825.156 d17.13
MinimumVisualStudioVersion = 10.0.40219.1
Project("{FAE04EC0-301F-11D3-BF4B-00C04F79EFBC}") = "ManagerSistemParkir", "ManagerSistemParkir\ManagerSistemParkir.csproj", "{CF0C6A4A-9CB2-436F-8CB1-54CA63E38487}"
EndProject
Global
	GlobalSection(SolutionConfigurationPlatforms) = preSolution
		Debug|Any CPU = Debug|Any CPU
		Release|Any CPU = Release|Any CPU
	EndGlobalSection
	GlobalSection(ProjectConfigurationPlatforms) = postSolution
		{CF0C6A4A-9CB2-436F-8CB1-54CA63E38487}.Debug|Any CPU.ActiveCfg = Debug|Any CPU
		{CF0C6A4A-9CB2-436F-8CB1-54CA63E38487}.Debug|Any CPU.Build.0 = Debug|Any CPU
		{CF0C6A4A-9CB2-436F-8CB1-54CA63E38487}.Release|Any CPU.ActiveCfg = Release|Any CPU
		{CF0C6A4A-9CB2-436F-8CB1-54CA63E38487}.Release|Any CPU.Build.0 = Release|Any CPU
	EndGlobalSection
	GlobalSection(SolutionProperties) = preSolution
		HideSolutionNode = FALSE
	EndGlobalSection
	GlobalSection(ExtensibilityGlobals) = postSolution
		SolutionGuid = {F6DAA2E6-125C-40E8-81D0-AF313ED6C40C}
	EndGlobalSection
EndGlobal
